
Microsoft Visual Studio Solution File, Format Version 12.00
# Visual Studio 2012
Project("{FAE04EC0-301F-11D3-BF4B-00C04F79EFBC}") = "MvcWithSelect2", "MvcWithSelect2\MvcWithSelect2.csproj", "{72A98BEF-55F2-462D-8165-BE098598D1D4}"
EndProject
Global
	GlobalSection(SolutionConfigurationPlatforms) = preSolution
		Debug|Any CPU = Debug|Any CPU
		Release|Any CPU = Release|Any CPU
	EndGlobalSection
	GlobalSection(ProjectConfigurationPlatforms) = postSolution
		{72A98BEF-55F2-462D-8165-BE098598D1D4}.Debug|Any CPU.ActiveCfg = Debug|Any CPU
		{72A98BEF-55F2-462D-8165-BE098598D1D4}.Debug|Any CPU.Build.0 = Debug|Any CPU
		{72A98BEF-55F2-462D-8165-BE098598D1D4}.Release|Any CPU.ActiveCfg = Release|Any CPU
		{72A98BEF-55F2-462D-8165-BE098598D1D4}.Release|Any CPU.Build.0 = Release|Any CPU
	EndGlobalSection
	GlobalSection(SolutionProperties) = preSolution
		HideSolutionNode = FALSE
	EndGlobalSection
EndGlobal
